
Microsoft Visual Studio Solution File, Format Version 12.00
# Visual Studio Version 17
VisualStudioVersion = 17.7.34031.279
MinimumVisualStudioVersion = 10.0.40219.1
Project("{9A19103F-16F7-4668-BE54-9A1E7A4F7556}") = "Databases", "Databases\Databases.csproj", "{367CA1F4-1ABF-4408-B211-4E00E51C0ACD}"
EndProject
Global
	GlobalSection(SolutionConfigurationPlatforms) = preSolution
		Debug|Any CPU = Debug|Any CPU
		Release|Any CPU = Release|Any CPU
	EndGlobalSection
	GlobalSection(ProjectConfigurationPlatforms) = postSolution
		{367CA1F4-1ABF-4408-B211-4E00E51C0ACD}.Debug|Any CPU.ActiveCfg = Debug|Any CPU
		{367CA1F4-1ABF-4408-B211-4E00E51C0ACD}.Debug|Any CPU.Build.0 = Debug|Any CPU
		{367CA1F4-1ABF-4408-B211-4E00E51C0ACD}.Release|Any CPU.ActiveCfg = Release|Any CPU
		{367CA1F4-1ABF-4408-B211-4E00E51C0ACD}.Release|Any CPU.Build.0 = Release|Any CPU
	EndGlobalSection
	GlobalSection(SolutionProperties) = preSolution
		HideSolutionNode = FALSE
	EndGlobalSection
	GlobalSection(ExtensibilityGlobals) = postSolution
		SolutionGuid = {733A2F38-C5E3-4E47-96C5-6EF38C6AFA70}
	EndGlobalSection
EndGlobal
