
Microsoft Visual Studio Solution File, Format Version 12.00
# Visual Studio Version 17
VisualStudioVersion = 17.8.34309.116
MinimumVisualStudioVersion = 10.0.40219.1
Project("{9A19103F-16F7-4668-BE54-9A1E7A4F7556}") = "InternetSchool", "InternetSchool\InternetSchool.csproj", "{7CDA2A65-AC99-4FF0-B384-D97FD2CB8B81}"
EndProject
Project("{9A19103F-16F7-4668-BE54-9A1E7A4F7556}") = "InternetScool.BLL", "InternetScool.BLL\InternetScool.BLL.csproj", "{146E1631-ADC0-48F4-A68D-20C7F3BF4870}"
EndProject
Project("{9A19103F-16F7-4668-BE54-9A1E7A4F7556}") = "InternetSchool.DAL", "InternetSchool.DAL\InternetSchool.DAL.csproj", "{6FFDA590-E593-4D18-B983-1B49218E59E2}"
EndProject
Project("{9A19103F-16F7-4668-BE54-9A1E7A4F7556}") = "InternetSchool.Common", "InternetSchool.Common\InternetSchool.Common.csproj", "{950533CC-810D-4271-A995-14B5BDD90111}"
EndProject
Project("{9A19103F-16F7-4668-BE54-9A1E7A4F7556}") = "InternetSchool.Tests", "InternetSchool.Tests\InternetSchool.Tests.csproj", "{94FF1B05-039C-4F74-A1A0-A86D0B6225D7}"
EndProject
Project("{2150E333-8FDC-42A3-9474-1A3956D46DE8}") = "Solution Items", "Solution Items", "{2B7DF9A1-93C5-45E0-A33D-15621F57C848}"
	ProjectSection(SolutionItems) = preProject
		compose.yaml = compose.yaml
		Dockerfile = Dockerfile
		.dockerignore = .dockerignore
	EndProjectSection
EndProject
Global
	GlobalSection(SolutionConfigurationPlatforms) = preSolution
		Debug|Any CPU = Debug|Any CPU
		Release|Any CPU = Release|Any CPU
	EndGlobalSection
	GlobalSection(ProjectConfigurationPlatforms) = postSolution
		{7CDA2A65-AC99-4FF0-B384-D97FD2CB8B81}.Debug|Any CPU.ActiveCfg = Debug|Any CPU
		{7CDA2A65-AC99-4FF0-B384-D97FD2CB8B81}.Debug|Any CPU.Build.0 = Debug|Any CPU
		{7CDA2A65-AC99-4FF0-B384-D97FD2CB8B81}.Release|Any CPU.ActiveCfg = Release|Any CPU
		{7CDA2A65-AC99-4FF0-B384-D97FD2CB8B81}.Release|Any CPU.Build.0 = Release|Any CPU
		{146E1631-ADC0-48F4-A68D-20C7F3BF4870}.Debug|Any CPU.ActiveCfg = Debug|Any CPU
		{146E1631-ADC0-48F4-A68D-20C7F3BF4870}.Debug|Any CPU.Build.0 = Debug|Any CPU
		{146E1631-ADC0-48F4-A68D-20C7F3BF4870}.Release|Any CPU.ActiveCfg = Release|Any CPU
		{146E1631-ADC0-48F4-A68D-20C7F3BF4870}.Release|Any CPU.Build.0 = Release|Any CPU
		{6FFDA590-E593-4D18-B983-1B49218E59E2}.Debug|Any CPU.ActiveCfg = Debug|Any CPU
		{6FFDA590-E593-4D18-B983-1B49218E59E2}.Debug|Any CPU.Build.0 = Debug|Any CPU
		{6FFDA590-E593-4D18-B983-1B49218E59E2}.Release|Any CPU.ActiveCfg = Release|Any CPU
		{6FFDA590-E593-4D18-B983-1B49218E59E2}.Release|Any CPU.Build.0 = Release|Any CPU
		{950533CC-810D-4271-A995-14B5BDD90111}.Debug|Any CPU.ActiveCfg = Debug|Any CPU
		{950533CC-810D-4271-A995-14B5BDD90111}.Debug|Any CPU.Build.0 = Debug|Any CPU
		{950533CC-810D-4271-A995-14B5BDD90111}.Release|Any CPU.ActiveCfg = Release|Any CPU
		{950533CC-810D-4271-A995-14B5BDD90111}.Release|Any CPU.Build.0 = Release|Any CPU
		{94FF1B05-039C-4F74-A1A0-A86D0B6225D7}.Debug|Any CPU.ActiveCfg = Debug|Any CPU
		{94FF1B05-039C-4F74-A1A0-A86D0B6225D7}.Debug|Any CPU.Build.0 = Debug|Any CPU
		{94FF1B05-039C-4F74-A1A0-A86D0B6225D7}.Release|Any CPU.ActiveCfg = Release|Any CPU
		{94FF1B05-039C-4F74-A1A0-A86D0B6225D7}.Release|Any CPU.Build.0 = Release|Any CPU
	EndGlobalSection
	GlobalSection(SolutionProperties) = preSolution
		HideSolutionNode = FALSE
	EndGlobalSection
	GlobalSection(ExtensibilityGlobals) = postSolution
		SolutionGuid = {963E6FEE-EF1D-49D9-A55C-3CF8D0E25FF8}
	EndGlobalSection
EndGlobal
